
Microsoft Visual Studio Solution File, Format Version 12.00
# Visual Studio Version 17
VisualStudioVersion = 17.6.33829.357
MinimumVisualStudioVersion = 10.0.40219.1
Project("{9A19103F-16F7-4668-BE54-9A1E7A4F7556}") = "LegacyApp", "..\LegacyApp\LegacyApp.csproj", "{4AB56D9D-D346-4065-9308-3E22D73E7779}"
EndProject
Project("{9A19103F-16F7-4668-BE54-9A1E7A4F7556}") = "LegacyAppConsumer", "..\LegacyAppConsumer\LegacyAppConsumer.csproj", "{5428F275-C6DA-4B38-9A20-C7764FD304FC}"
EndProject
Project("{FAE04EC0-301F-11D3-BF4B-00C04F79EFBC}") = "LegacyAppTests", "LegacyAppTests\LegacyAppTests.csproj", "{B39ED5A1-10E3-4271-9E88-E05E010BD857}"
EndProject
Global
	GlobalSection(SolutionConfigurationPlatforms) = preSolution
		Debug|Any CPU = Debug|Any CPU
		Release|Any CPU = Release|Any CPU
	EndGlobalSection
	GlobalSection(ProjectConfigurationPlatforms) = postSolution
		{4AB56D9D-D346-4065-9308-3E22D73E7779}.Debug|Any CPU.ActiveCfg = Debug|Any CPU
		{4AB56D9D-D346-4065-9308-3E22D73E7779}.Debug|Any CPU.Build.0 = Debug|Any CPU
		{4AB56D9D-D346-4065-9308-3E22D73E7779}.Release|Any CPU.ActiveCfg = Release|Any CPU
		{4AB56D9D-D346-4065-9308-3E22D73E7779}.Release|Any CPU.Build.0 = Release|Any CPU
		{5428F275-C6DA-4B38-9A20-C7764FD304FC}.Debug|Any CPU.ActiveCfg = Debug|Any CPU
		{5428F275-C6DA-4B38-9A20-C7764FD304FC}.Debug|Any CPU.Build.0 = Debug|Any CPU
		{5428F275-C6DA-4B38-9A20-C7764FD304FC}.Release|Any CPU.ActiveCfg = Release|Any CPU
		{5428F275-C6DA-4B38-9A20-C7764FD304FC}.Release|Any CPU.Build.0 = Release|Any CPU
		{B39ED5A1-10E3-4271-9E88-E05E010BD857}.Debug|Any CPU.ActiveCfg = Debug|Any CPU
		{B39ED5A1-10E3-4271-9E88-E05E010BD857}.Debug|Any CPU.Build.0 = Debug|Any CPU
		{B39ED5A1-10E3-4271-9E88-E05E010BD857}.Release|Any CPU.ActiveCfg = Release|Any CPU
		{B39ED5A1-10E3-4271-9E88-E05E010BD857}.Release|Any CPU.Build.0 = Release|Any CPU
	EndGlobalSection
	GlobalSection(SolutionProperties) = preSolution
		HideSolutionNode = FALSE
	EndGlobalSection
	GlobalSection(ExtensibilityGlobals) = postSolution
		SolutionGuid = {4A01F46E-2087-4AB5-BD1A-EEF3E16F7B9F}
	EndGlobalSection
EndGlobal
